
Microsoft Visual Studio Solution File, Format Version 12.00
# Visual Studio Version 17
VisualStudioVersion = 17.3.32825.248
MinimumVisualStudioVersion = 10.0.40219.1
Project("{FAE04EC0-301F-11D3-BF4B-00C04F79EFBC}") = "HW4", "HW4\HW4.csproj", "{AF48C3C0-675A-4A5C-A7A5-A94929F783E7}"
EndProject
Project("{FAE04EC0-301F-11D3-BF4B-00C04F79EFBC}") = "Tumakov", "Tumakov\Tumakov.csproj", "{9BE8364D-3BB2-4999-B133-E0D1B88B1BE4}"
EndProject
Global
	GlobalSection(SolutionConfigurationPlatforms) = preSolution
		Debug|Any CPU = Debug|Any CPU
		Release|Any CPU = Release|Any CPU
	EndGlobalSection
	GlobalSection(ProjectConfigurationPlatforms) = postSolution
		{AF48C3C0-675A-4A5C-A7A5-A94929F783E7}.Debug|Any CPU.ActiveCfg = Debug|Any CPU
		{AF48C3C0-675A-4A5C-A7A5-A94929F783E7}.Debug|Any CPU.Build.0 = Debug|Any CPU
		{AF48C3C0-675A-4A5C-A7A5-A94929F783E7}.Release|Any CPU.ActiveCfg = Release|Any CPU
		{AF48C3C0-675A-4A5C-A7A5-A94929F783E7}.Release|Any CPU.Build.0 = Release|Any CPU
		{9BE8364D-3BB2-4999-B133-E0D1B88B1BE4}.Debug|Any CPU.ActiveCfg = Debug|Any CPU
		{9BE8364D-3BB2-4999-B133-E0D1B88B1BE4}.Debug|Any CPU.Build.0 = Debug|Any CPU
		{9BE8364D-3BB2-4999-B133-E0D1B88B1BE4}.Release|Any CPU.ActiveCfg = Release|Any CPU
		{9BE8364D-3BB2-4999-B133-E0D1B88B1BE4}.Release|Any CPU.Build.0 = Release|Any CPU
	EndGlobalSection
	GlobalSection(SolutionProperties) = preSolution
		HideSolutionNode = FALSE
	EndGlobalSection
	GlobalSection(ExtensibilityGlobals) = postSolution
		SolutionGuid = {0F751B37-75BF-492D-83D3-7990B9DB162E}
	EndGlobalSection
EndGlobal
